
Microsoft Visual Studio Solution File, Format Version 12.00
# Visual Studio Version 17
VisualStudioVersion = 17.0.31903.59
MinimumVisualStudioVersion = 10.0.40219.1
Project("{FAE04EC0-301F-11D3-BF4B-00C04F79EFBC}") = "API", "API\API.csproj", "{D5AEAE5D-207A-4341-8A6B-AA6BF7D84F03}"
EndProject
Project("{FAE04EC0-301F-11D3-BF4B-00C04F79EFBC}") = "Application", "Application\Application.csproj", "{79160CDB-85B9-4235-99F4-F7E4C5AA9BD2}"
EndProject
Project("{FAE04EC0-301F-11D3-BF4B-00C04F79EFBC}") = "Domain", "Domain\Domain.csproj", "{C37BC382-5216-42D2-BADA-1690ED252884}"
EndProject
Project("{FAE04EC0-301F-11D3-BF4B-00C04F79EFBC}") = "Persistence", "Persistence\Persistence.csproj", "{CF72E3D7-E7A5-4856-897A-5F326D6F6C87}"
EndProject
Global
	GlobalSection(SolutionConfigurationPlatforms) = preSolution
		Debug|Any CPU = Debug|Any CPU
		Release|Any CPU = Release|Any CPU
	EndGlobalSection
	GlobalSection(SolutionProperties) = preSolution
		HideSolutionNode = FALSE
	EndGlobalSection
	GlobalSection(ProjectConfigurationPlatforms) = postSolution
		{D5AEAE5D-207A-4341-8A6B-AA6BF7D84F03}.Debug|Any CPU.ActiveCfg = Debug|Any CPU
		{D5AEAE5D-207A-4341-8A6B-AA6BF7D84F03}.Debug|Any CPU.Build.0 = Debug|Any CPU
		{D5AEAE5D-207A-4341-8A6B-AA6BF7D84F03}.Release|Any CPU.ActiveCfg = Release|Any CPU
		{D5AEAE5D-207A-4341-8A6B-AA6BF7D84F03}.Release|Any CPU.Build.0 = Release|Any CPU
		{79160CDB-85B9-4235-99F4-F7E4C5AA9BD2}.Debug|Any CPU.ActiveCfg = Debug|Any CPU
		{79160CDB-85B9-4235-99F4-F7E4C5AA9BD2}.Debug|Any CPU.Build.0 = Debug|Any CPU
		{79160CDB-85B9-4235-99F4-F7E4C5AA9BD2}.Release|Any CPU.ActiveCfg = Release|Any CPU
		{79160CDB-85B9-4235-99F4-F7E4C5AA9BD2}.Release|Any CPU.Build.0 = Release|Any CPU
		{C37BC382-5216-42D2-BADA-1690ED252884}.Debug|Any CPU.ActiveCfg = Debug|Any CPU
		{C37BC382-5216-42D2-BADA-1690ED252884}.Debug|Any CPU.Build.0 = Debug|Any CPU
		{C37BC382-5216-42D2-BADA-1690ED252884}.Release|Any CPU.ActiveCfg = Release|Any CPU
		{C37BC382-5216-42D2-BADA-1690ED252884}.Release|Any CPU.Build.0 = Release|Any CPU
		{CF72E3D7-E7A5-4856-897A-5F326D6F6C87}.Debug|Any CPU.ActiveCfg = Debug|Any CPU
		{CF72E3D7-E7A5-4856-897A-5F326D6F6C87}.Debug|Any CPU.Build.0 = Debug|Any CPU
		{CF72E3D7-E7A5-4856-897A-5F326D6F6C87}.Release|Any CPU.ActiveCfg = Release|Any CPU
		{CF72E3D7-E7A5-4856-897A-5F326D6F6C87}.Release|Any CPU.Build.0 = Release|Any CPU
	EndGlobalSection
EndGlobal
